
Microsoft Visual Studio Solution File, Format Version 12.00
# Visual Studio 2013
VisualStudioVersion = 12.0.21005.1
MinimumVisualStudioVersion = 10.0.40219.1
Project("{FAE04EC0-301F-11D3-BF4B-00C04F79EFBC}") = "EntityFrameworkBites.Entities", "EntityFrameworkBites.Entities\EntityFrameworkBites.Entities.csproj", "{0F97A21C-4BCB-4401-9B52-466C7E85C53A}"
EndProject
Project("{FAE04EC0-301F-11D3-BF4B-00C04F79EFBC}") = "EntityFrameworkBites.DataModel", "EntityFrameworkBites.DataModel\EntityFrameworkBites.DataModel.csproj", "{D2B48DB2-6E0A-416A-98B5-6D4E0E325F84}"
EndProject
Project("{2150E333-8FDC-42A3-9474-1A3956D46DE8}") = ".nuget", ".nuget", "{B01DA77D-3C1D-4834-BBD6-B32BD2F37AE4}"
	ProjectSection(SolutionItems) = preProject
		.nuget\NuGet.Config = .nuget\NuGet.Config
		.nuget\NuGet.exe = .nuget\NuGet.exe
		.nuget\NuGet.targets = .nuget\NuGet.targets
	EndProjectSection
EndProject
Project("{FAE04EC0-301F-11D3-BF4B-00C04F79EFBC}") = "EntityFrameworkBites.Migrations", "EntityFrameworkBites.Migrations\EntityFrameworkBites.Migrations.csproj", "{2146D801-3EE0-4F2E-994A-EF4721E46402}"
EndProject
Project("{FAE04EC0-301F-11D3-BF4B-00C04F79EFBC}") = "EntityFrameworkBites.ConsoleApplication", "EntityFrameworkBites.ConsoleApplication\EntityFrameworkBites.ConsoleApplication.csproj", "{959C31B9-F667-44F0-936C-39132D68AB24}"
EndProject
Project("{2150E333-8FDC-42A3-9474-1A3956D46DE8}") = "proj", "proj", "{B56C6A32-E637-4547-AFCD-A382985AF708}"
	ProjectSection(SolutionItems) = preProject
		EntityFrameworkBites.Migrations\EntityFrameworkBites_MigrateTasks.proj = EntityFrameworkBites.Migrations\EntityFrameworkBites_MigrateTasks.proj
	EndProjectSection
EndProject
Project("{FAE04EC0-301F-11D3-BF4B-00C04F79EFBC}") = "EntityFrameworkBites.Services", "EntityFrameworkBites.Services\EntityFrameworkBites.Services.csproj", "{789B8A93-6860-4D61-B344-1A1207995037}"
EndProject
Project("{2150E333-8FDC-42A3-9474-1A3956D46DE8}") = "tests", "tests", "{30EDC6F5-AF80-498B-B9F9-312282B973EB}"
EndProject
Project("{FAE04EC0-301F-11D3-BF4B-00C04F79EFBC}") = "EntityFrameworkBites.IntegrationTests", "EntityFrameworkBites.IntegrationTests\EntityFrameworkBites.IntegrationTests.csproj", "{051375C2-B3AE-400E-884E-CD5434B890F2}"
EndProject
Global
	GlobalSection(SolutionConfigurationPlatforms) = preSolution
		Debug|Any CPU = Debug|Any CPU
		Release|Any CPU = Release|Any CPU
	EndGlobalSection
	GlobalSection(ProjectConfigurationPlatforms) = postSolution
		{0F97A21C-4BCB-4401-9B52-466C7E85C53A}.Debug|Any CPU.ActiveCfg = Debug|Any CPU
		{0F97A21C-4BCB-4401-9B52-466C7E85C53A}.Debug|Any CPU.Build.0 = Debug|Any CPU
		{0F97A21C-4BCB-4401-9B52-466C7E85C53A}.Release|Any CPU.ActiveCfg = Release|Any CPU
		{0F97A21C-4BCB-4401-9B52-466C7E85C53A}.Release|Any CPU.Build.0 = Release|Any CPU
		{D2B48DB2-6E0A-416A-98B5-6D4E0E325F84}.Debug|Any CPU.ActiveCfg = Debug|Any CPU
		{D2B48DB2-6E0A-416A-98B5-6D4E0E325F84}.Debug|Any CPU.Build.0 = Debug|Any CPU
		{D2B48DB2-6E0A-416A-98B5-6D4E0E325F84}.Release|Any CPU.ActiveCfg = Release|Any CPU
		{D2B48DB2-6E0A-416A-98B5-6D4E0E325F84}.Release|Any CPU.Build.0 = Release|Any CPU
		{2146D801-3EE0-4F2E-994A-EF4721E46402}.Debug|Any CPU.ActiveCfg = Debug|Any CPU
		{2146D801-3EE0-4F2E-994A-EF4721E46402}.Debug|Any CPU.Build.0 = Debug|Any CPU
		{2146D801-3EE0-4F2E-994A-EF4721E46402}.Release|Any CPU.ActiveCfg = Release|Any CPU
		{2146D801-3EE0-4F2E-994A-EF4721E46402}.Release|Any CPU.Build.0 = Release|Any CPU
		{959C31B9-F667-44F0-936C-39132D68AB24}.Debug|Any CPU.ActiveCfg = Debug|Any CPU
		{959C31B9-F667-44F0-936C-39132D68AB24}.Debug|Any CPU.Build.0 = Debug|Any CPU
		{959C31B9-F667-44F0-936C-39132D68AB24}.Release|Any CPU.ActiveCfg = Release|Any CPU
		{959C31B9-F667-44F0-936C-39132D68AB24}.Release|Any CPU.Build.0 = Release|Any CPU
		{789B8A93-6860-4D61-B344-1A1207995037}.Debug|Any CPU.ActiveCfg = Debug|Any CPU
		{789B8A93-6860-4D61-B344-1A1207995037}.Debug|Any CPU.Build.0 = Debug|Any CPU
		{789B8A93-6860-4D61-B344-1A1207995037}.Release|Any CPU.ActiveCfg = Release|Any CPU
		{789B8A93-6860-4D61-B344-1A1207995037}.Release|Any CPU.Build.0 = Release|Any CPU
		{051375C2-B3AE-400E-884E-CD5434B890F2}.Debug|Any CPU.ActiveCfg = Debug|Any CPU
		{051375C2-B3AE-400E-884E-CD5434B890F2}.Debug|Any CPU.Build.0 = Debug|Any CPU
		{051375C2-B3AE-400E-884E-CD5434B890F2}.Release|Any CPU.ActiveCfg = Release|Any CPU
		{051375C2-B3AE-400E-884E-CD5434B890F2}.Release|Any CPU.Build.0 = Release|Any CPU
	EndGlobalSection
	GlobalSection(SolutionProperties) = preSolution
		HideSolutionNode = FALSE
	EndGlobalSection
	GlobalSection(NestedProjects) = preSolution
		{051375C2-B3AE-400E-884E-CD5434B890F2} = {30EDC6F5-AF80-498B-B9F9-312282B973EB}
	EndGlobalSection
EndGlobal
